// !$*UTF8*$!
{
	archiveVersion = 1;
	classes = {
	};
	objectVersion = 56;
	objects = {

/* Begin PBXBuildFile section */
		620243992CC371D7002607E1 /* TagView.swift in Sources */ = {isa = PBXBuildFile; fileRef = 620243982CC371D7002607E1 /* TagView.swift */; };
		620EE58C2C965770005787AF /* TagCloudView.swift in Sources */ = {isa = PBXBuildFile; fileRef = 620EE58B2C965770005787AF /* TagCloudView.swift */; };
		620EE58E2C9658D9005787AF /* TagModel.swift in Sources */ = {isa = PBXBuildFile; fileRef = 620EE58D2C9658D9005787AF /* TagModel.swift */; };
		620EE5922C9659A8005787AF /* TagsDataService.swift in Sources */ = {isa = PBXBuildFile; fileRef = 620EE5912C9659A8005787AF /* TagsDataService.swift */; };
		62168B5E2C9A254900AB43B0 /* TagManagerView.swift in Sources */ = {isa = PBXBuildFile; fileRef = 62168B5D2C9A254900AB43B0 /* TagManagerView.swift */; };
		62168C5A2C9D005100A29FAC /* CookingView.swift in Sources */ = {isa = PBXBuildFile; fileRef = 62168C592C9D005100A29FAC /* CookingView.swift */; };
		621E02B52F7B881800ABA60E /* MetricsService.swift in Sources */ = {isa = PBXBuildFile; fileRef = 621E02B42F7B880D00ABA60E /* MetricsService.swift */; };
		623B05E52F381E2C009A713D /* TagSelection.swift in Sources */ = {isa = PBXBuildFile; fileRef = 623B05E42F381E2C009A713D /* TagSelection.swift */; };
		623BA08A2C95063800245AB7 /* UpdateRecipeView.swift in Sources */ = {isa = PBXBuildFile; fileRef = 623BA0892C95063800245AB7 /* UpdateRecipeView.swift */; };
		623C5E192C87D8CB00E43C71 /* HomeView.swift in Sources */ = {isa = PBXBuildFile; fileRef = 623C5E182C87D8CB00E43C71 /* HomeView.swift */; };
		624D2F2E2C825B5800770C9C /* RecipeManagerApp.swift in Sources */ = {isa = PBXBuildFile; fileRef = 624D2F2D2C825B5800770C9C /* RecipeManagerApp.swift */; };
		624D2F342C825B5900770C9C /* Assets.xcassets in Resources */ = {isa = PBXBuildFile; fileRef = 624D2F332C825B5900770C9C /* Assets.xcassets */; };
		624D2F372C825B5900770C9C /* Preview Assets.xcassets in Resources */ = {isa = PBXBuildFile; fileRef = 624D2F362C825B5900770C9C /* Preview Assets.xcassets */; };
		624D2F412C825B5900770C9C /* RecipeManagerTests.swift in Sources */ = {isa = PBXBuildFile; fileRef = 624D2F402C825B5900770C9C /* RecipeManagerTests.swift */; };
		624D2F4B2C825B5900770C9C /* RecipeManagerUITests.swift in Sources */ = {isa = PBXBuildFile; fileRef = 624D2F4A2C825B5900770C9C /* RecipeManagerUITests.swift */; };
		624D2F4D2C825B5900770C9C /* RecipeManagerUITestsLaunchTests.swift in Sources */ = {isa = PBXBuildFile; fileRef = 624D2F4C2C825B5900770C9C /* RecipeManagerUITestsLaunchTests.swift */; };
		624D6EA52C98B84E00F2273A /* IngredientsListView.swift in Sources */ = {isa = PBXBuildFile; fileRef = 624D6EA42C98B84E00F2273A /* IngredientsListView.swift */; };
		624D6EA92C98D71F00F2273A /* StepListView.swift in Sources */ = {isa = PBXBuildFile; fileRef = 624D6EA82C98D71F00F2273A /* StepListView.swift */; };
		62798A662CE40A29007A794E /* RecipesDataService.swift in Sources */ = {isa = PBXBuildFile; fileRef = 62798A652CE40A29007A794E /* RecipesDataService.swift */; };
		627CBBE52F54D311004489DE /* RecipeDetail.swift in Sources */ = {isa = PBXBuildFile; fileRef = 627CBBE42F54D30A004489DE /* RecipeDetail.swift */; };
		629405EF2C8E6E82002AA406 /* ProfilePictureView.swift in Sources */ = {isa = PBXBuildFile; fileRef = 629405EE2C8E6E82002AA406 /* ProfilePictureView.swift */; };
		629D57EF2CA64AEF00D77535 /* AddTagView.swift in Sources */ = {isa = PBXBuildFile; fileRef = 629D57EE2CA64AEF00D77535 /* AddTagView.swift */; };
		62A2AC062C87EDE70015437C /* AddRecipesHomeButton.swift in Sources */ = {isa = PBXBuildFile; fileRef = 62A2AC052C87EDE70015437C /* AddRecipesHomeButton.swift */; };
		62B9EF3F2C8547F500D75107 /* MainView.swift in Sources */ = {isa = PBXBuildFile; fileRef = 62B9EF3E2C8547F500D75107 /* MainView.swift */; };
		62B9EF412C854D4200D75107 /* ProfileView.swift in Sources */ = {isa = PBXBuildFile; fileRef = 62B9EF402C854D4200D75107 /* ProfileView.swift */; };
		62D8EEE22C92663B00678E9F /* SkillCardView.swift in Sources */ = {isa = PBXBuildFile; fileRef = 62D8EEE12C92663B00678E9F /* SkillCardView.swift */; };
		62D8EEE42C9277DE00678E9F /* SettingsView.swift in Sources */ = {isa = PBXBuildFile; fileRef = 62D8EEE32C9277DE00678E9F /* SettingsView.swift */; };
		62D9A1A02C8913FB006EC572 /* ChallengeProgressView.swift in Sources */ = {isa = PBXBuildFile; fileRef = 62D9A19F2C8913FB006EC572 /* ChallengeProgressView.swift */; };
		62E7E20F2C878C630054CA84 /* RecipeListView.swift in Sources */ = {isa = PBXBuildFile; fileRef = 62E7E20E2C878C630054CA84 /* RecipeListView.swift */; };
		62E7E2112C878CE00054CA84 /* RecipeModel.swift in Sources */ = {isa = PBXBuildFile; fileRef = 62E7E2102C878CE00054CA84 /* RecipeModel.swift */; };
		62E7E2132C878EF70054CA84 /* RecipeListRow.swift in Sources */ = {isa = PBXBuildFile; fileRef = 62E7E2122C878EF70054CA84 /* RecipeListRow.swift */; };
		62FB8D472C9E4B3E003F4C0F /* ThirdDimensional.swift in Sources */ = {isa = PBXBuildFile; fileRef = 62FB8D462C9E4B3E003F4C0F /* ThirdDimensional.swift */; };
/* End PBXBuildFile section */

/* Begin PBXContainerItemProxy section */
		624D2F3D2C825B5900770C9C /* PBXContainerItemProxy */ = {
			isa = PBXContainerItemProxy;
			containerPortal = 624D2F222C825B5800770C9C /* Project object */;
			proxyType = 1;
			remoteGlobalIDString = 624D2F292C825B5800770C9C;
			remoteInfo = RecipeManager;
		};
		624D2F472C825B5900770C9C /* PBXContainerItemProxy */ = {
			isa = PBXContainerItemProxy;
			containerPortal = 624D2F222C825B5800770C9C /* Project object */;
			proxyType = 1;
			remoteGlobalIDString = 624D2F292C825B5800770C9C;
			remoteInfo = RecipeManager;
		};
/* End PBXContainerItemProxy section */

/* Begin PBXFileReference section */
		620243982CC371D7002607E1 /* TagView.swift */ = {isa = PBXFileReference; lastKnownFileType = sourcecode.swift; path = TagView.swift; sourceTree = "<group>"; };
		620EE58B2C965770005787AF /* TagCloudView.swift */ = {isa = PBXFileReference; lastKnownFileType = sourcecode.swift; path = TagCloudView.swift; sourceTree = "<group>"; };
		620EE58D2C9658D9005787AF /* TagModel.swift */ = {isa = PBXFileReference; lastKnownFileType = sourcecode.swift; path = TagModel.swift; sourceTree = "<group>"; };
		620EE5912C9659A8005787AF /* TagsDataService.swift */ = {isa = PBXFileReference; lastKnownFileType = sourcecode.swift; path = TagsDataService.swift; sourceTree = "<group>"; };
		62168B5D2C9A254900AB43B0 /* TagManagerView.swift */ = {isa = PBXFileReference; lastKnownFileType = sourcecode.swift; path = TagManagerView.swift; sourceTree = "<group>"; };
		62168C592C9D005100A29FAC /* CookingView.swift */ = {isa = PBXFileReference; lastKnownFileType = sourcecode.swift; path = CookingView.swift; sourceTree = "<group>"; };
		621E02B42F7B880D00ABA60E /* MetricsService.swift */ = {isa = PBXFileReference; lastKnownFileType = sourcecode.swift; path = MetricsService.swift; sourceTree = "<group>"; };
		621E02B62F7B8B0800ABA60E /* Info.plist */ = {isa = PBXFileReference; lastKnownFileType = text.plist; path = Info.plist; sourceTree = "<group>"; };
		623B05E42F381E2C009A713D /* TagSelection.swift */ = {isa = PBXFileReference; lastKnownFileType = sourcecode.swift; path = TagSelection.swift; sourceTree = "<group>"; };
		623BA0892C95063800245AB7 /* UpdateRecipeView.swift */ = {isa = PBXFileReference; lastKnownFileType = sourcecode.swift; path = UpdateRecipeView.swift; sourceTree = "<group>"; };
		623C5E182C87D8CB00E43C71 /* HomeView.swift */ = {isa = PBXFileReference; lastKnownFileType = sourcecode.swift; path = HomeView.swift; sourceTree = "<group>"; };
		624D2F2A2C825B5800770C9C /* RecipeManager.app */ = {isa = PBXFileReference; explicitFileType = wrapper.application; includeInIndex = 0; path = RecipeManager.app; sourceTree = BUILT_PRODUCTS_DIR; };
		624D2F2D2C825B5800770C9C /* RecipeManagerApp.swift */ = {isa = PBXFileReference; lastKnownFileType = sourcecode.swift; path = RecipeManagerApp.swift; sourceTree = "<group>"; };
		624D2F332C825B5900770C9C /* Assets.xcassets */ = {isa = PBXFileReference; lastKnownFileType = folder.assetcatalog; path = Assets.xcassets; sourceTree = "<group>"; };
		624D2F362C825B5900770C9C /* Preview Assets.xcassets */ = {isa = PBXFileReference; lastKnownFileType = folder.assetcatalog; path = "Preview Assets.xcassets"; sourceTree = "<group>"; };
		624D2F3C2C825B5900770C9C /* RecipeManagerTests.xctest */ = {isa = PBXFileReference; explicitFileType = wrapper.cfbundle; includeInIndex = 0; path = RecipeManagerTests.xctest; sourceTree = BUILT_PRODUCTS_DIR; };
		624D2F402C825B5900770C9C /* RecipeManagerTests.swift */ = {isa = PBXFileReference; lastKnownFileType = sourcecode.swift; path = RecipeManagerTests.swift; sourceTree = "<group>"; };
		624D2F462C825B5900770C9C /* RecipeManagerUITests.xctest */ = {isa = PBXFileReference; explicitFileType = wrapper.cfbundle; includeInIndex = 0; path = RecipeManagerUITests.xctest; sourceTree = BUILT_PRODUCTS_DIR; };
		624D2F4A2C825B5900770C9C /* RecipeManagerUITests.swift */ = {isa = PBXFileReference; lastKnownFileType = sourcecode.swift; path = RecipeManagerUITests.swift; sourceTree = "<group>"; };
		624D2F4C2C825B5900770C9C /* RecipeManagerUITestsLaunchTests.swift */ = {isa = PBXFileReference; lastKnownFileType = sourcecode.swift; path = RecipeManagerUITestsLaunchTests.swift; sourceTree = "<group>"; };
		624D6EA42C98B84E00F2273A /* IngredientsListView.swift */ = {isa = PBXFileReference; lastKnownFileType = sourcecode.swift; path = IngredientsListView.swift; sourceTree = "<group>"; };
		624D6EA82C98D71F00F2273A /* StepListView.swift */ = {isa = PBXFileReference; lastKnownFileType = sourcecode.swift; path = StepListView.swift; sourceTree = "<group>"; };
		62798A652CE40A29007A794E /* RecipesDataService.swift */ = {isa = PBXFileReference; lastKnownFileType = sourcecode.swift; path = RecipesDataService.swift; sourceTree = "<group>"; };
		627CBBE42F54D30A004489DE /* RecipeDetail.swift */ = {isa = PBXFileReference; lastKnownFileType = sourcecode.swift; path = RecipeDetail.swift; sourceTree = "<group>"; };
		629405EE2C8E6E82002AA406 /* ProfilePictureView.swift */ = {isa = PBXFileReference; lastKnownFileType = sourcecode.swift; path = ProfilePictureView.swift; sourceTree = "<group>"; };
		629D57EE2CA64AEF00D77535 /* AddTagView.swift */ = {isa = PBXFileReference; lastKnownFileType = sourcecode.swift; path = AddTagView.swift; sourceTree = "<group>"; };
		62A2AC052C87EDE70015437C /* AddRecipesHomeButton.swift */ = {isa = PBXFileReference; lastKnownFileType = sourcecode.swift; path = AddRecipesHomeButton.swift; sourceTree = "<group>"; };
		62B9EF3E2C8547F500D75107 /* MainView.swift */ = {isa = PBXFileReference; lastKnownFileType = sourcecode.swift; path = MainView.swift; sourceTree = "<group>"; };
		62B9EF402C854D4200D75107 /* ProfileView.swift */ = {isa = PBXFileReference; lastKnownFileType = sourcecode.swift; path = ProfileView.swift; sourceTree = "<group>"; };
		62D8EEE12C92663B00678E9F /* SkillCardView.swift */ = {isa = PBXFileReference; lastKnownFileType = sourcecode.swift; path = SkillCardView.swift; sourceTree = "<group>"; };
		62D8EEE32C9277DE00678E9F /* SettingsView.swift */ = {isa = PBXFileReference; lastKnownFileType = sourcecode.swift; path = SettingsView.swift; sourceTree = "<group>"; };
		62D9A19F2C8913FB006EC572 /* ChallengeProgressView.swift */ = {isa = PBXFileReference; lastKnownFileType = sourcecode.swift; path = ChallengeProgressView.swift; sourceTree = "<group>"; };
		62E7E20E2C878C630054CA84 /* RecipeListView.swift */ = {isa = PBXFileReference; lastKnownFileType = sourcecode.swift; path = RecipeListView.swift; sourceTree = "<group>"; };
		62E7E2102C878CE00054CA84 /* RecipeModel.swift */ = {isa = PBXFileReference; lastKnownFileType = sourcecode.swift; path = RecipeModel.swift; sourceTree = "<group>"; };
		62E7E2122C878EF70054CA84 /* RecipeListRow.swift */ = {isa = PBXFileReference; lastKnownFileType = sourcecode.swift; path = RecipeListRow.swift; sourceTree = "<group>"; };
		62FB8D462C9E4B3E003F4C0F /* ThirdDimensional.swift */ = {isa = PBXFileReference; lastKnownFileType = sourcecode.swift; path = ThirdDimensional.swift; sourceTree = "<group>"; };
/* End PBXFileReference section */

/* Begin PBXFrameworksBuildPhase section */
		624D2F272C825B5800770C9C /* Frameworks */ = {
			isa = PBXFrameworksBuildPhase;
			buildActionMask = 2147483647;
			files = (
			);
			runOnlyForDeploymentPostprocessing = 0;
		};
		624D2F392C825B5900770C9C /* Frameworks */ = {
			isa = PBXFrameworksBuildPhase;
			buildActionMask = 2147483647;
			files = (
			);
			runOnlyForDeploymentPostprocessing = 0;
		};
		624D2F432C825B5900770C9C /* Frameworks */ = {
			isa = PBXFrameworksBuildPhase;
			buildActionMask = 2147483647;
			files = (
			);
			runOnlyForDeploymentPostprocessing = 0;
		};
/* End PBXFrameworksBuildPhase section */

/* Begin PBXGroup section */
		620B50CD2CC30CB900FAB0D3 /* Utilities */ = {
			isa = PBXGroup;
			children = (
				621E02B42F7B880D00ABA60E /* MetricsService.swift */,
				62798A652CE40A29007A794E /* RecipesDataService.swift */,
				620EE5912C9659A8005787AF /* TagsDataService.swift */,
			);
			path = Utilities;
			sourceTree = "<group>";
		};
		623C5E1D2C87E36100E43C71 /* HomeViews */ = {
			isa = PBXGroup;
			children = (
				623C5E182C87D8CB00E43C71 /* HomeView.swift */,
				62A2AC052C87EDE70015437C /* AddRecipesHomeButton.swift */,
				62168B5D2C9A254900AB43B0 /* TagManagerView.swift */,
				620243982CC371D7002607E1 /* TagView.swift */,
				629D57EE2CA64AEF00D77535 /* AddTagView.swift */,
			);
			path = HomeViews;
			sourceTree = "<group>";
		};
		623C5E1E2C87E39800E43C71 /* ProfileViews */ = {
			isa = PBXGroup;
			children = (
				62B9EF402C854D4200D75107 /* ProfileView.swift */,
				629405EE2C8E6E82002AA406 /* ProfilePictureView.swift */,
				62D8EEE32C9277DE00678E9F /* SettingsView.swift */,
				62D8EEE12C92663B00678E9F /* SkillCardView.swift */,
			);
			path = ProfileViews;
			sourceTree = "<group>";
		};
		623C5E1F2C87E3AD00E43C71 /* RecipeListViews */ = {
			isa = PBXGroup;
			children = (
				62E7E20E2C878C630054CA84 /* RecipeListView.swift */,
				62E7E2122C878EF70054CA84 /* RecipeListRow.swift */,
				62B3A2292CA606550032F3CB /* RecipeDetail */,
			);
			path = RecipeListViews;
			sourceTree = "<group>";
		};
		624D2F212C825B5800770C9C = {
			isa = PBXGroup;
			children = (
				624D2F2C2C825B5800770C9C /* RecipeManager */,
				624D2F3F2C825B5900770C9C /* RecipeManagerTests */,
				624D2F492C825B5900770C9C /* RecipeManagerUITests */,
				624D2F2B2C825B5800770C9C /* Products */,
			);
			sourceTree = "<group>";
		};
		624D2F2B2C825B5800770C9C /* Products */ = {
			isa = PBXGroup;
			children = (
				624D2F2A2C825B5800770C9C /* RecipeManager.app */,
				624D2F3C2C825B5900770C9C /* RecipeManagerTests.xctest */,
				624D2F462C825B5900770C9C /* RecipeManagerUITests.xctest */,
			);
			name = Products;
			sourceTree = "<group>";
		};
		624D2F2C2C825B5800770C9C /* RecipeManager */ = {
			isa = PBXGroup;
			children = (
				621E02B62F7B8B0800ABA60E /* Info.plist */,
				624D2F2D2C825B5800770C9C /* RecipeManagerApp.swift */,
				620B50CD2CC30CB900FAB0D3 /* Utilities */,
				62B9EF3B2C85453D00D75107 /* Models */,
				62B9EF3D2C85456000D75107 /* Views */,
				624D2F332C825B5900770C9C /* Assets.xcassets */,
				624D2F352C825B5900770C9C /* Preview Content */,
			);
			path = RecipeManager;
			sourceTree = "<group>";
		};
		624D2F352C825B5900770C9C /* Preview Content */ = {
			isa = PBXGroup;
			children = (
				624D2F362C825B5900770C9C /* Preview Assets.xcassets */,
			);
			path = "Preview Content";
			sourceTree = "<group>";
		};
		624D2F3F2C825B5900770C9C /* RecipeManagerTests */ = {
			isa = PBXGroup;
			children = (
				624D2F402C825B5900770C9C /* RecipeManagerTests.swift */,
			);
			path = RecipeManagerTests;
			sourceTree = "<group>";
		};
		624D2F492C825B5900770C9C /* RecipeManagerUITests */ = {
			isa = PBXGroup;
			children = (
				624D2F4A2C825B5900770C9C /* RecipeManagerUITests.swift */,
				624D2F4C2C825B5900770C9C /* RecipeManagerUITestsLaunchTests.swift */,
			);
			path = RecipeManagerUITests;
			sourceTree = "<group>";
		};
		62B3A2292CA606550032F3CB /* RecipeDetail */ = {
			isa = PBXGroup;
			children = (
				627CBBE42F54D30A004489DE /* RecipeDetail.swift */,
				620EE58B2C965770005787AF /* TagCloudView.swift */,
				624D6EA42C98B84E00F2273A /* IngredientsListView.swift */,
				624D6EA82C98D71F00F2273A /* StepListView.swift */,
				62168C592C9D005100A29FAC /* CookingView.swift */,
				62D9A19F2C8913FB006EC572 /* ChallengeProgressView.swift */,
				62FB8D462C9E4B3E003F4C0F /* ThirdDimensional.swift */,
			);
			path = RecipeDetail;
			sourceTree = "<group>";
		};
		62B9EF3B2C85453D00D75107 /* Models */ = {
			isa = PBXGroup;
			children = (
				62E7E2102C878CE00054CA84 /* RecipeModel.swift */,
				620EE58D2C9658D9005787AF /* TagModel.swift */,
				623B05E42F381E2C009A713D /* TagSelection.swift */,
			);
			path = Models;
			sourceTree = "<group>";
		};
		62B9EF3D2C85456000D75107 /* Views */ = {
			isa = PBXGroup;
			children = (
				62B9EF3E2C8547F500D75107 /* MainView.swift */,
				623BA0892C95063800245AB7 /* UpdateRecipeView.swift */,
				623C5E1F2C87E3AD00E43C71 /* RecipeListViews */,
				623C5E1D2C87E36100E43C71 /* HomeViews */,
				623C5E1E2C87E39800E43C71 /* ProfileViews */,
			);
			path = Views;
			sourceTree = "<group>";
		};
/* End PBXGroup section */

/* Begin PBXNativeTarget section */
		624D2F292C825B5800770C9C /* RecipeManager */ = {
			isa = PBXNativeTarget;
			buildConfigurationList = 624D2F502C825B5900770C9C /* Build configuration list for PBXNativeTarget "RecipeManager" */;
			buildPhases = (
				624D2F262C825B5800770C9C /* Sources */,
				624D2F272C825B5800770C9C /* Frameworks */,
				624D2F282C825B5800770C9C /* Resources */,
			);
			buildRules = (
			);
			dependencies = (
			);
			name = RecipeManager;
			productName = RecipeManager;
			productReference = 624D2F2A2C825B5800770C9C /* RecipeManager.app */;
			productType = "com.apple.product-type.application";
		};
		624D2F3B2C825B5900770C9C /* RecipeManagerTests */ = {
			isa = PBXNativeTarget;
			buildConfigurationList = 624D2F532C825B5900770C9C /* Build configuration list for PBXNativeTarget "RecipeManagerTests" */;
			buildPhases = (
				624D2F382C825B5900770C9C /* Sources */,
				624D2F392C825B5900770C9C /* Frameworks */,
				624D2F3A2C825B5900770C9C /* Resources */,
			);
			buildRules = (
			);
			dependencies = (
				624D2F3E2C825B5900770C9C /* PBXTargetDependency */,
			);
			name = RecipeManagerTests;
			productName = RecipeManagerTests;
			productReference = 624D2F3C2C825B5900770C9C /* RecipeManagerTests.xctest */;
			productType = "com.apple.product-type.bundle.unit-test";
		};
		624D2F452C825B5900770C9C /* RecipeManagerUITests */ = {
			isa = PBXNativeTarget;
			buildConfigurationList = 624D2F562C825B5900770C9C /* Build configuration list for PBXNativeTarget "RecipeManagerUITests" */;
			buildPhases = (
				624D2F422C825B5900770C9C /* Sources */,
				624D2F432C825B5900770C9C /* Frameworks */,
				624D2F442C825B5900770C9C /* Resources */,
			);
			buildRules = (
			);
			dependencies = (
				624D2F482C825B5900770C9C /* PBXTargetDependency */,
			);
			name = RecipeManagerUITests;
			productName = RecipeManagerUITests;
			productReference = 624D2F462C825B5900770C9C /* RecipeManagerUITests.xctest */;
			productType = "com.apple.product-type.bundle.ui-testing";
		};
/* End PBXNativeTarget section */

/* Begin PBXProject section */
		624D2F222C825B5800770C9C /* Project object */ = {
			isa = PBXProject;
			attributes = {
				BuildIndependentTargetsInParallel = 1;
				LastSwiftUpdateCheck = 1540;
				LastUpgradeCheck = 1540;
				TargetAttributes = {
					624D2F292C825B5800770C9C = {
						CreatedOnToolsVersion = 15.4;
					};
					624D2F3B2C825B5900770C9C = {
						CreatedOnToolsVersion = 15.4;
						TestTargetID = 624D2F292C825B5800770C9C;
					};
					624D2F452C825B5900770C9C = {
						CreatedOnToolsVersion = 15.4;
						TestTargetID = 624D2F292C825B5800770C9C;
					};
				};
			};
			buildConfigurationList = 624D2F252C825B5800770C9C /* Build configuration list for PBXProject "RecipeManager" */;
			compatibilityVersion = "Xcode 14.0";
			developmentRegion = en;
			hasScannedForEncodings = 0;
			knownRegions = (
				en,
				Base,
			);
			mainGroup = 624D2F212C825B5800770C9C;
			productRefGroup = 624D2F2B2C825B5800770C9C /* Products */;
			projectDirPath = "";
			projectRoot = "";
			targets = (
				624D2F292C825B5800770C9C /* RecipeManager */,
				624D2F3B2C825B5900770C9C /* RecipeManagerTests */,
				624D2F452C825B5900770C9C /* RecipeManagerUITests */,
			);
		};
/* End PBXProject section */

/* Begin PBXResourcesBuildPhase section */
		624D2F282C825B5800770C9C /* Resources */ = {
			isa = PBXResourcesBuildPhase;
			buildActionMask = 2147483647;
			files = (
				624D2F372C825B5900770C9C /* Preview Assets.xcassets in Resources */,
				624D2F342C825B5900770C9C /* Assets.xcassets in Resources */,
			);
			runOnlyForDeploymentPostprocessing = 0;
		};
		624D2F3A2C825B5900770C9C /* Resources */ = {
			isa = PBXResourcesBuildPhase;
			buildActionMask = 2147483647;
			files = (
			);
			runOnlyForDeploymentPostprocessing = 0;
		};
		624D2F442C825B5900770C9C /* Resources */ = {
			isa = PBXResourcesBuildPhase;
			buildActionMask = 2147483647;
			files = (
			);
			runOnlyForDeploymentPostprocessing = 0;
		};
/* End PBXResourcesBuildPhase section */

/* Begin PBXSourcesBuildPhase section */
		624D2F262C825B5800770C9C /* Sources */ = {
			isa = PBXSourcesBuildPhase;
			buildActionMask = 2147483647;
			files = (
				620EE58E2C9658D9005787AF /* TagModel.swift in Sources */,
				62168C5A2C9D005100A29FAC /* CookingView.swift in Sources */,
				62D8EEE42C9277DE00678E9F /* SettingsView.swift in Sources */,
				620EE58C2C965770005787AF /* TagCloudView.swift in Sources */,
				62D8EEE22C92663B00678E9F /* SkillCardView.swift in Sources */,
				623C5E192C87D8CB00E43C71 /* HomeView.swift in Sources */,
				62E7E2112C878CE00054CA84 /* RecipeModel.swift in Sources */,
				629405EF2C8E6E82002AA406 /* ProfilePictureView.swift in Sources */,
				62798A662CE40A29007A794E /* RecipesDataService.swift in Sources */,
				623B05E52F381E2C009A713D /* TagSelection.swift in Sources */,
				62FB8D472C9E4B3E003F4C0F /* ThirdDimensional.swift in Sources */,
				620243992CC371D7002607E1 /* TagView.swift in Sources */,
				62E7E20F2C878C630054CA84 /* RecipeListView.swift in Sources */,
				62E7E2132C878EF70054CA84 /* RecipeListRow.swift in Sources */,
				62A2AC062C87EDE70015437C /* AddRecipesHomeButton.swift in Sources */,
				624D6EA52C98B84E00F2273A /* IngredientsListView.swift in Sources */,
				62168B5E2C9A254900AB43B0 /* TagManagerView.swift in Sources */,
				623BA08A2C95063800245AB7 /* UpdateRecipeView.swift in Sources */,
				62B9EF3F2C8547F500D75107 /* MainView.swift in Sources */,
				624D6EA92C98D71F00F2273A /* StepListView.swift in Sources */,
				62B9EF412C854D4200D75107 /* ProfileView.swift in Sources */,
				629D57EF2CA64AEF00D77535 /* AddTagView.swift in Sources */,
				620EE5922C9659A8005787AF /* TagsDataService.swift in Sources */,
				62D9A1A02C8913FB006EC572 /* ChallengeProgressView.swift in Sources */,
				627CBBE52F54D311004489DE /* RecipeDetail.swift in Sources */,
				621E02B52F7B881800ABA60E /* MetricsService.swift in Sources */,
				624D2F2E2C825B5800770C9C /* RecipeManagerApp.swift in Sources */,
			);
			runOnlyForDeploymentPostprocessing = 0;
		};
		624D2F382C825B5900770C9C /* Sources */ = {
			isa = PBXSourcesBuildPhase;
			buildActionMask = 2147483647;
			files = (
				624D2F412C825B5900770C9C /* RecipeManagerTests.swift in Sources */,
			);
			runOnlyForDeploymentPostprocessing = 0;
		};
		624D2F422C825B5900770C9C /* Sources */ = {
			isa = PBXSourcesBuildPhase;
			buildActionMask = 2147483647;
			files = (
				624D2F4D2C825B5900770C9C /* RecipeManagerUITestsLaunchTests.swift in Sources */,
				624D2F4B2C825B5900770C9C /* RecipeManagerUITests.swift in Sources */,
			);
			runOnlyForDeploymentPostprocessing = 0;
		};
/* End PBXSourcesBuildPhase section */

/* Begin PBXTargetDependency section */
		624D2F3E2C825B5900770C9C /* PBXTargetDependency */ = {
			isa = PBXTargetDependency;
			target = 624D2F292C825B5800770C9C /* RecipeManager */;
			targetProxy = 624D2F3D2C825B5900770C9C /* PBXContainerItemProxy */;
		};
		624D2F482C825B5900770C9C /* PBXTargetDependency */ = {
			isa = PBXTargetDependency;
			target = 624D2F292C825B5800770C9C /* RecipeManager */;
			targetProxy = 624D2F472C825B5900770C9C /* PBXContainerItemProxy */;
		};
/* End PBXTargetDependency section */

/* Begin XCBuildConfiguration section */
		624D2F4E2C825B5900770C9C /* Debug */ = {
			isa = XCBuildConfiguration;
			buildSettings = {
				ALWAYS_SEARCH_USER_PATHS = NO;
				ASSETCATALOG_COMPILER_GENERATE_SWIFT_ASSET_SYMBOL_EXTENSIONS = YES;
				CLANG_ANALYZER_NONNULL = YES;
				CLANG_ANALYZER_NUMBER_OBJECT_CONVERSION = YES_AGGRESSIVE;
				CLANG_CXX_LANGUAGE_STANDARD = "gnu++20";
				CLANG_ENABLE_MODULES = YES;
				CLANG_ENABLE_OBJC_ARC = YES;
				CLANG_ENABLE_OBJC_WEAK = YES;
				CLANG_WARN_BLOCK_CAPTURE_AUTORELEASING = YES;
				CLANG_WARN_BOOL_CONVERSION = YES;
				CLANG_WARN_COMMA = YES;
				CLANG_WARN_CONSTANT_CONVERSION = YES;
				CLANG_WARN_DEPRECATED_OBJC_IMPLEMENTATIONS = YES;
				CLANG_WARN_DIRECT_OBJC_ISA_USAGE = YES_ERROR;
				CLANG_WARN_DOCUMENTATION_COMMENTS = YES;
				CLANG_WARN_EMPTY_BODY = YES;
				CLANG_WARN_ENUM_CONVERSION = YES;
				CLANG_WARN_INFINITE_RECURSION = YES;
				CLANG_WARN_INT_CONVERSION = YES;
				CLANG_WARN_NON_LITERAL_NULL_CONVERSION = YES;
				CLANG_WARN_OBJC_IMPLICIT_RETAIN_SELF = YES;
				CLANG_WARN_OBJC_LITERAL_CONVERSION = YES;
				CLANG_WARN_OBJC_ROOT_CLASS = YES_ERROR;
				CLANG_WARN_QUOTED_INCLUDE_IN_FRAMEWORK_HEADER = YES;
				CLANG_WARN_RANGE_LOOP_ANALYSIS = YES;
				CLANG_WARN_STRICT_PROTOTYPES = YES;
				CLANG_WARN_SUSPICIOUS_MOVE = YES;
				CLANG_WARN_UNGUARDED_AVAILABILITY = YES_AGGRESSIVE;
				CLANG_WARN_UNREACHABLE_CODE = YES;
				CLANG_WARN__DUPLICATE_METHOD_MATCH = YES;
				COPY_PHASE_STRIP = NO;
				DEBUG_INFORMATION_FORMAT = dwarf;
				ENABLE_STRICT_OBJC_MSGSEND = YES;
				ENABLE_TESTABILITY = YES;
				ENABLE_USER_SCRIPT_SANDBOXING = YES;
				GCC_C_LANGUAGE_STANDARD = gnu17;
				GCC_DYNAMIC_NO_PIC = NO;
				GCC_NO_COMMON_BLOCKS = YES;
				GCC_OPTIMIZATION_LEVEL = 0;
				GCC_PREPROCESSOR_DEFINITIONS = (
					"DEBUG=1",
					"$(inherited)",
				);
				GCC_WARN_64_TO_32_BIT_CONVERSION = YES;
				GCC_WARN_ABOUT_RETURN_TYPE = YES_ERROR;
				GCC_WARN_UNDECLARED_SELECTOR = YES;
				GCC_WARN_UNINITIALIZED_AUTOS = YES_AGGRESSIVE;
				GCC_WARN_UNUSED_FUNCTION = YES;
				GCC_WARN_UNUSED_VARIABLE = YES;
				IPHONEOS_DEPLOYMENT_TARGET = 17.5;
				LOCALIZATION_PREFERS_STRING_CATALOGS = YES;
				MTL_ENABLE_DEBUG_INFO = INCLUDE_SOURCE;
				MTL_FAST_MATH = YES;
				ONLY_ACTIVE_ARCH = YES;
				SDKROOT = iphoneos;
				SWIFT_ACTIVE_COMPILATION_CONDITIONS = "DEBUG $(inherited)";
				SWIFT_OPTIMIZATION_LEVEL = "-Onone";
			};
			name = Debug;
		};
		624D2F4F2C825B5900770C9C /* Release */ = {
			isa = XCBuildConfiguration;
			buildSettings = {
				ALWAYS_SEARCH_USER_PATHS = NO;
				ASSETCATALOG_COMPILER_GENERATE_SWIFT_ASSET_SYMBOL_EXTENSIONS = YES;
				CLANG_ANALYZER_NONNULL = YES;
				CLANG_ANALYZER_NUMBER_OBJECT_CONVERSION = YES_AGGRESSIVE;
				CLANG_CXX_LANGUAGE_STANDARD = "gnu++20";
				CLANG_ENABLE_MODULES = YES;
				CLANG_ENABLE_OBJC_ARC = YES;
				CLANG_ENABLE_OBJC_WEAK = YES;
				CLANG_WARN_BLOCK_CAPTURE_AUTORELEASING = YES;
				CLANG_WARN_BOOL_CONVERSION = YES;
				CLANG_WARN_COMMA = YES;
				CLANG_WARN_CONSTANT_CONVERSION = YES;
				CLANG_WARN_DEPRECATED_OBJC_IMPLEMENTATIONS = YES;
				CLANG_WARN_DIRECT_OBJC_ISA_USAGE = YES_ERROR;
				CLANG_WARN_DOCUMENTATION_COMMENTS = YES;
				CLANG_WARN_EMPTY_BODY = YES;
				CLANG_WARN_ENUM_CONVERSION = YES;
				CLANG_WARN_INFINITE_RECURSION = YES;
				CLANG_WARN_INT_CONVERSION = YES;
				CLANG_WARN_NON_LITERAL_NULL_CONVERSION = YES;
				CLANG_WARN_OBJC_IMPLICIT_RETAIN_SELF = YES;
				CLANG_WARN_OBJC_LITERAL_CONVERSION = YES;
				CLANG_WARN_OBJC_ROOT_CLASS = YES_ERROR;
				CLANG_WARN_QUOTED_INCLUDE_IN_FRAMEWORK_HEADER = YES;
				CLANG_WARN_RANGE_LOOP_ANALYSIS = YES;
				CLANG_WARN_STRICT_PROTOTYPES = YES;
				CLANG_WARN_SUSPICIOUS_MOVE = YES;
				CLANG_WARN_UNGUARDED_AVAILABILITY = YES_AGGRESSIVE;
				CLANG_WARN_UNREACHABLE_CODE = YES;
				CLANG_WARN__DUPLICATE_METHOD_MATCH = YES;
				COPY_PHASE_STRIP = NO;
				DEBUG_INFORMATION_FORMAT = "dwarf-with-dsym";
				ENABLE_NS_ASSERTIONS = NO;
				ENABLE_STRICT_OBJC_MSGSEND = YES;
				ENABLE_USER_SCRIPT_SANDBOXING = YES;
				GCC_C_LANGUAGE_STANDARD = gnu17;
				GCC_NO_COMMON_BLOCKS = YES;
				GCC_WARN_64_TO_32_BIT_CONVERSION = YES;
				GCC_WARN_ABOUT_RETURN_TYPE = YES_ERROR;
				GCC_WARN_UNDECLARED_SELECTOR = YES;
				GCC_WARN_UNINITIALIZED_AUTOS = YES_AGGRESSIVE;
				GCC_WARN_UNUSED_FUNCTION = YES;
				GCC_WARN_UNUSED_VARIABLE = YES;
				IPHONEOS_DEPLOYMENT_TARGET = 17.5;
				LOCALIZATION_PREFERS_STRING_CATALOGS = YES;
				MTL_ENABLE_DEBUG_INFO = NO;
				MTL_FAST_MATH = YES;
				SDKROOT = iphoneos;
				SWIFT_COMPILATION_MODE = wholemodule;
				VALIDATE_PRODUCT = YES;
			};
			name = Release;
		};
		624D2F512C825B5900770C9C /* Debug */ = {
			isa = XCBuildConfiguration;
			buildSettings = {
				ASSETCATALOG_COMPILER_APPICON_NAME = AppIcon;
				ASSETCATALOG_COMPILER_GLOBAL_ACCENT_COLOR_NAME = AccentColor;
				CODE_SIGN_STYLE = Automatic;
				CURRENT_PROJECT_VERSION = 1;
				DEVELOPMENT_ASSET_PATHS = "\"RecipeManager/Preview Content\"";
				ENABLE_PREVIEWS = YES;
				GENERATE_INFOPLIST_FILE = YES;
				INFOPLIST_FILE = RecipeManager/Info.plist;
				INFOPLIST_KEY_CFBundleDisplayName = RecipeManagerr;
				INFOPLIST_KEY_LSApplicationCategoryType = "public.app-category.utilities";
				INFOPLIST_KEY_UIApplicationSceneManifest_Generation = YES;
				INFOPLIST_KEY_UIApplicationSupportsIndirectInputEvents = YES;
				INFOPLIST_KEY_UILaunchScreen_Generation = YES;
				INFOPLIST_KEY_UISupportedInterfaceOrientations_iPad = "UIInterfaceOrientationPortrait UIInterfaceOrientationPortraitUpsideDown UIInterfaceOrientationLandscapeLeft UIInterfaceOrientationLandscapeRight";
				INFOPLIST_KEY_UISupportedInterfaceOrientations_iPhone = "UIInterfaceOrientationPortrait UIInterfaceOrientationLandscapeLeft UIInterfaceOrientationLandscapeRight";
				IPHONEOS_DEPLOYMENT_TARGET = 17.0;
				LD_RUNPATH_SEARCH_PATHS = (
					"$(inherited)",
					"@executable_path/Frameworks",
				);
				MARKETING_VERSION = 1.0;
				PRODUCT_BUNDLE_IDENTIFIER = com.roberto.RecipeManager;
				PRODUCT_NAME = "$(TARGET_NAME)";
				SWIFT_EMIT_LOC_STRINGS = YES;
				SWIFT_VERSION = 5.0;
				TARGETED_DEVICE_FAMILY = "1,2";
			};
			name = Debug;
		};
		624D2F522C825B5900770C9C /* Release */ = {
			isa = XCBuildConfiguration;
			buildSettings = {
				ASSETCATALOG_COMPILER_APPICON_NAME = AppIcon;
				ASSETCATALOG_COMPILER_GLOBAL_ACCENT_COLOR_NAME = AccentColor;
				CODE_SIGN_STYLE = Automatic;
				CURRENT_PROJECT_VERSION = 1;
				DEVELOPMENT_ASSET_PATHS = "\"RecipeManager/Preview Content\"";
				ENABLE_PREVIEWS = YES;
				GENERATE_INFOPLIST_FILE = YES;
				INFOPLIST_FILE = RecipeManager/Info.plist;
				INFOPLIST_KEY_CFBundleDisplayName = RecipeManagerr;
				INFOPLIST_KEY_LSApplicationCategoryType = "public.app-category.utilities";
				INFOPLIST_KEY_UIApplicationSceneManifest_Generation = YES;
				INFOPLIST_KEY_UIApplicationSupportsIndirectInputEvents = YES;
				INFOPLIST_KEY_UILaunchScreen_Generation = YES;
				INFOPLIST_KEY_UISupportedInterfaceOrientations_iPad = "UIInterfaceOrientationPortrait UIInterfaceOrientationPortraitUpsideDown UIInterfaceOrientationLandscapeLeft UIInterfaceOrientationLandscapeRight";
				INFOPLIST_KEY_UISupportedInterfaceOrientations_iPhone = "UIInterfaceOrientationPortrait UIInterfaceOrientationLandscapeLeft UIInterfaceOrientationLandscapeRight";
				IPHONEOS_DEPLOYMENT_TARGET = 17.0;
				LD_RUNPATH_SEARCH_PATHS = (
					"$(inherited)",
					"@executable_path/Frameworks",
				);
				MARKETING_VERSION = 1.0;
				PRODUCT_BUNDLE_IDENTIFIER = com.roberto.RecipeManager;
				PRODUCT_NAME = "$(TARGET_NAME)";
				SWIFT_EMIT_LOC_STRINGS = YES;
				SWIFT_VERSION = 5.0;
				TARGETED_DEVICE_FAMILY = "1,2";
			};
			name = Release;
		};
		624D2F542C825B5900770C9C /* Debug */ = {
			isa = XCBuildConfiguration;
			buildSettings = {
				ALWAYS_EMBED_SWIFT_STANDARD_LIBRARIES = YES;
				BUNDLE_LOADER = "$(TEST_HOST)";
				CODE_SIGN_STYLE = Automatic;
				CURRENT_PROJECT_VERSION = 1;
				GENERATE_INFOPLIST_FILE = YES;
				IPHONEOS_DEPLOYMENT_TARGET = 17.5;
				MARKETING_VERSION = 1.0;
				PRODUCT_BUNDLE_IDENTIFIER = com.roberto.RecipeManagerTests;
				PRODUCT_NAME = "$(TARGET_NAME)";
				SWIFT_EMIT_LOC_STRINGS = NO;
				SWIFT_VERSION = 5.0;
				TARGETED_DEVICE_FAMILY = "1,2";
				TEST_HOST = "$(BUILT_PRODUCTS_DIR)/RecipeManager.app/$(BUNDLE_EXECUTABLE_FOLDER_PATH)/RecipeManager";
			};
			name = Debug;
		};
		624D2F552C825B5900770C9C /* Release */ = {
			isa = XCBuildConfiguration;
			buildSettings = {
				ALWAYS_EMBED_SWIFT_STANDARD_LIBRARIES = YES;
				BUNDLE_LOADER = "$(TEST_HOST)";
				CODE_SIGN_STYLE = Automatic;
				CURRENT_PROJECT_VERSION = 1;
				GENERATE_INFOPLIST_FILE = YES;
				IPHONEOS_DEPLOYMENT_TARGET = 17.5;
				MARKETING_VERSION = 1.0;
				PRODUCT_BUNDLE_IDENTIFIER = com.roberto.RecipeManagerTests;
				PRODUCT_NAME = "$(TARGET_NAME)";
				SWIFT_EMIT_LOC_STRINGS = NO;
				SWIFT_VERSION = 5.0;
				TARGETED_DEVICE_FAMILY = "1,2";
				TEST_HOST = "$(BUILT_PRODUCTS_DIR)/RecipeManager.app/$(BUNDLE_EXECUTABLE_FOLDER_PATH)/RecipeManager";
			};
			name = Release;
		};
		624D2F572C825B5900770C9C /* Debug */ = {
			isa = XCBuildConfiguration;
			buildSettings = {
				ALWAYS_EMBED_SWIFT_STANDARD_LIBRARIES = YES;
				CODE_SIGN_STYLE = Automatic;
				CURRENT_PROJECT_VERSION = 1;
				GENERATE_INFOPLIST_FILE = YES;
				MARKETING_VERSION = 1.0;
				PRODUCT_BUNDLE_IDENTIFIER = com.roberto.RecipeManagerUITests;
				PRODUCT_NAME = "$(TARGET_NAME)";
				SWIFT_EMIT_LOC_STRINGS = NO;
				SWIFT_VERSION = 5.0;
				TARGETED_DEVICE_FAMILY = "1,2";
				TEST_TARGET_NAME = RecipeManager;
			};
			name = Debug;
		};
		624D2F582C825B5900770C9C /* Release */ = {
			isa = XCBuildConfiguration;
			buildSettings = {
				ALWAYS_EMBED_SWIFT_STANDARD_LIBRARIES = YES;
				CODE_SIGN_STYLE = Automatic;
				CURRENT_PROJECT_VERSION = 1;
				GENERATE_INFOPLIST_FILE = YES;
				MARKETING_VERSION = 1.0;
				PRODUCT_BUNDLE_IDENTIFIER = com.roberto.RecipeManagerUITests;
				PRODUCT_NAME = "$(TARGET_NAME)";
				SWIFT_EMIT_LOC_STRINGS = NO;
				SWIFT_VERSION = 5.0;
				TARGETED_DEVICE_FAMILY = "1,2";
				TEST_TARGET_NAME = RecipeManager;
			};
			name = Release;
		};
/* End XCBuildConfiguration section */

/* Begin XCConfigurationList section */
		624D2F252C825B5800770C9C /* Build configuration list for PBXProject "RecipeManager" */ = {
			isa = XCConfigurationList;
			buildConfigurations = (
				624D2F4E2C825B5900770C9C /* Debug */,
				624D2F4F2C825B5900770C9C /* Release */,
			);
			defaultConfigurationIsVisible = 0;
			defaultConfigurationName = Release;
		};
		624D2F502C825B5900770C9C /* Build configuration list for PBXNativeTarget "RecipeManager" */ = {
			isa = XCConfigurationList;
			buildConfigurations = (
				624D2F512C825B5900770C9C /* Debug */,
				624D2F522C825B5900770C9C /* Release */,
			);
			defaultConfigurationIsVisible = 0;
			defaultConfigurationName = Release;
		};
		624D2F532C825B5900770C9C /* Build configuration list for PBXNativeTarget "RecipeManagerTests" */ = {
			isa = XCConfigurationList;
			buildConfigurations = (
				624D2F542C825B5900770C9C /* Debug */,
				624D2F552C825B5900770C9C /* Release */,
			);
			defaultConfigurationIsVisible = 0;
			defaultConfigurationName = Release;
		};
		624D2F562C825B5900770C9C /* Build configuration list for PBXNativeTarget "RecipeManagerUITests" */ = {
			isa = XCConfigurationList;
			buildConfigurations = (
				624D2F572C825B5900770C9C /* Debug */,
				624D2F582C825B5900770C9C /* Release */,
			);
			defaultConfigurationIsVisible = 0;
			defaultConfigurationName = Release;
		};
/* End XCConfigurationList section */
	};
	rootObject = 624D2F222C825B5800770C9C /* Project object */;
}
